
Microsoft Visual Studio Solution File, Format Version 12.00
Project("{FAE04EC0-301F-11D3-BF4B-00C04F79EFBC}") = "EcoFarmTestes", "EcoFarmTestes\EcoFarmTestes.csproj", "{59834C47-B1EB-4B0A-BFA4-8AD1961BD48D}"
EndProject
Project("{FAE04EC0-301F-11D3-BF4B-00C04F79EFBC}") = "Assembly-CSharp", "..\EcoFarm\Assembly-CSharp.csproj", "{CADE4904-5B09-F068-ACDE-39DA040CA23F}"
EndProject
Project("{FAE04EC0-301F-11D3-BF4B-00C04F79EFBC}") = "GameLogic", "..\EcoFarm\GameLogic.csproj", "{14F3F5D5-55B9-90C2-C3B7-4FF3818F6670}"
EndProject
Project("{FAE04EC0-301F-11D3-BF4B-00C04F79EFBC}") = "DontGenerate", "..\EcoFarm\DontGenerate.csproj", "{5CA7DE97-4367-AA88-905B-E18EE223CA7B}"
EndProject
Global
	GlobalSection(SolutionConfigurationPlatforms) = preSolution
		Debug|Any CPU = Debug|Any CPU
		Release|Any CPU = Release|Any CPU
	EndGlobalSection
	GlobalSection(ProjectConfigurationPlatforms) = postSolution
		{59834C47-B1EB-4B0A-BFA4-8AD1961BD48D}.Debug|Any CPU.ActiveCfg = Debug|Any CPU
		{59834C47-B1EB-4B0A-BFA4-8AD1961BD48D}.Debug|Any CPU.Build.0 = Debug|Any CPU
		{59834C47-B1EB-4B0A-BFA4-8AD1961BD48D}.Release|Any CPU.ActiveCfg = Release|Any CPU
		{59834C47-B1EB-4B0A-BFA4-8AD1961BD48D}.Release|Any CPU.Build.0 = Release|Any CPU
		{CADE4904-5B09-F068-ACDE-39DA040CA23F}.Debug|Any CPU.ActiveCfg = Debug|Any CPU
		{CADE4904-5B09-F068-ACDE-39DA040CA23F}.Debug|Any CPU.Build.0 = Debug|Any CPU
		{CADE4904-5B09-F068-ACDE-39DA040CA23F}.Release|Any CPU.ActiveCfg = Debug|Any CPU
		{CADE4904-5B09-F068-ACDE-39DA040CA23F}.Release|Any CPU.Build.0 = Debug|Any CPU
		{14F3F5D5-55B9-90C2-C3B7-4FF3818F6670}.Debug|Any CPU.ActiveCfg = Debug|Any CPU
		{14F3F5D5-55B9-90C2-C3B7-4FF3818F6670}.Debug|Any CPU.Build.0 = Debug|Any CPU
		{14F3F5D5-55B9-90C2-C3B7-4FF3818F6670}.Release|Any CPU.ActiveCfg = Debug|Any CPU
		{14F3F5D5-55B9-90C2-C3B7-4FF3818F6670}.Release|Any CPU.Build.0 = Debug|Any CPU
		{5CA7DE97-4367-AA88-905B-E18EE223CA7B}.Debug|Any CPU.ActiveCfg = Debug|Any CPU
		{5CA7DE97-4367-AA88-905B-E18EE223CA7B}.Debug|Any CPU.Build.0 = Debug|Any CPU
		{5CA7DE97-4367-AA88-905B-E18EE223CA7B}.Release|Any CPU.ActiveCfg = Debug|Any CPU
		{5CA7DE97-4367-AA88-905B-E18EE223CA7B}.Release|Any CPU.Build.0 = Debug|Any CPU
	EndGlobalSection
EndGlobal
